
Microsoft Visual Studio Solution File, Format Version 12.00
# Visual Studio Version 16
VisualStudioVersion = 16.0.29709.97
MinimumVisualStudioVersion = 10.0.40219.1
Project("{FAE04EC0-301F-11D3-BF4B-00C04F79EFBC}") = "Powers", "Powers.csproj", "{DB8521DB-945F-4D4A-BF73-D2567E7EA99E}"
EndProject
Global
	GlobalSection(SolutionConfigurationPlatforms) = preSolution
		Debug|Any CPU = Debug|Any CPU
		Release|Any CPU = Release|Any CPU
	EndGlobalSection
	GlobalSection(ProjectConfigurationPlatforms) = postSolution
		{DB8521DB-945F-4D4A-BF73-D2567E7EA99E}.Debug|Any CPU.ActiveCfg = Debug|Any CPU
		{DB8521DB-945F-4D4A-BF73-D2567E7EA99E}.Debug|Any CPU.Build.0 = Debug|Any CPU
		{DB8521DB-945F-4D4A-BF73-D2567E7EA99E}.Release|Any CPU.ActiveCfg = Release|Any CPU
		{DB8521DB-945F-4D4A-BF73-D2567E7EA99E}.Release|Any CPU.Build.0 = Release|Any CPU
	EndGlobalSection
	GlobalSection(SolutionProperties) = preSolution
		HideSolutionNode = FALSE
	EndGlobalSection
	GlobalSection(ExtensibilityGlobals) = postSolution
		SolutionGuid = {1C75044A-9B4B-4F91-BD45-141C93413C65}
	EndGlobalSection
EndGlobal
